{
  "version": 4,
  "terraform_version": "1.11.0",
  "serial": 71,
  "lineage": "1f45faf7-91b1-b12f-673c-e8dd2345fcb0",
  "outputs": {
    "vm_names": {
      "value": [
        "gitea-node-1",
        "gitea-node-2"
      ],
      "type": [
        "tuple",
        [
          "string",
          "string"
        ]
      ]
    }
  },
  "resources": [
    {
      "mode": "managed",
      "type": "libvirt_cloudinit_disk",
      "name": "commoninit",
      "provider": "provider[\"registry.terraform.io/dmacvicar/libvirt\"]",
      "instances": [
        {
          "index_key": 0,
          "schema_version": 0,
          "attributes": {
            "id": "/home/virsh/HDD_virt/cloudinit-1.iso;2baaf5b9-a313-47a6-a244-4881087e7427",
            "meta_data": "",
            "name": "cloudinit-1.iso",
            "network_config": "",
            "pool": "default",
            "user_data": "#cloud-config\nhostname: gitea-node-1           # Подставляем имя хоста для каждой ВМ\nmanage_etc_hosts: true\nusers:\n  - name: shom       # Имя пользователя, например, \\\"shom\\\"\n    gecos: \\\"User for Ansible automation\\\"\n    sudo: [\\\"ALL=(ALL) NOPASSWD:ALL\\\"]\n    shell: /bin/bash\n    ssh_authorized_keys:\n      - ssh-rsa AAAAB3NzaC1yc2EAAAADAQABAAABgQDTqlQPVRapAaXX4EAjEQKuSSJ3cl4a1xJB3P1SvzkPW70KTYLmy4ok2DNBy0GRp8tTS2r5ueVHK8t4nudd78IbOkzMA1uXNTewMUa89hafuOcu3BMcVQK3vEZYlpQcqCLNF/XhRo1c3P3MnPMFf3uv+AG6m2tMi27CUCaSPrunKc8/ogRGuebxMGJyyx9FRhHQSIMVRSI9Lt0q+AsjL11+Cs8BGhN04LIc3zU30nxypV47uTPz+deO7Ps/H2TLeXe4ZF8+5LgZ2nMVq1XU0FITpvn5A8icTmoO4D6MV9+Fi+boF+MZHJvM3yyF4QW0HVPnhQqoi0H+GYfzGPGjeZEcd+IXBCbuTWqe6rZJZ7B7+xaLHboTO9FcHaOBQcDts/tJY+DF2onDXljWE0X6Ej8yK36nmwA1eWiy3EkIWjP6QU26xlidZ4+RiVUNcuib3qYlwv3jti2axRHaeJ9tIvwHsfDe2lXikL1uAjZvaPTjO1E821DK5vgMZko1hoGlj5M= root@192.168.0.143\n             # Здесь подставляется содержимое вашего публичного ключа\nnetwork:\n  version: 2\n  ethernets:\n    eth0:\n      addresses: [ \\\"192.168.122.101\\\" ]\n      gateway4: 192.168.0.1\n      nameservers:\n        addresses: [192.168.0.1]\n\n"
          },
          "sensitive_attributes": [],
          "private": "bnVsbA=="
        },
        {
          "index_key": 1,
          "schema_version": 0,
          "attributes": {
            "id": "/home/virsh/HDD_virt/cloudinit-2.iso;5eb41154-edaf-4690-844c-932e773bb91c",
            "meta_data": "",
            "name": "cloudinit-2.iso",
            "network_config": "",
            "pool": "default",
            "user_data": "#cloud-config\nhostname: gitea-node-2           # Подставляем имя хоста для каждой ВМ\nmanage_etc_hosts: true\nusers:\n  - name: shom       # Имя пользователя, например, \\\"shom\\\"\n    gecos: \\\"User for Ansible automation\\\"\n    sudo: [\\\"ALL=(ALL) NOPASSWD:ALL\\\"]\n    shell: /bin/bash\n    ssh_authorized_keys:\n      - ssh-rsa AAAAB3NzaC1yc2EAAAADAQABAAABgQDTqlQPVRapAaXX4EAjEQKuSSJ3cl4a1xJB3P1SvzkPW70KTYLmy4ok2DNBy0GRp8tTS2r5ueVHK8t4nudd78IbOkzMA1uXNTewMUa89hafuOcu3BMcVQK3vEZYlpQcqCLNF/XhRo1c3P3MnPMFf3uv+AG6m2tMi27CUCaSPrunKc8/ogRGuebxMGJyyx9FRhHQSIMVRSI9Lt0q+AsjL11+Cs8BGhN04LIc3zU30nxypV47uTPz+deO7Ps/H2TLeXe4ZF8+5LgZ2nMVq1XU0FITpvn5A8icTmoO4D6MV9+Fi+boF+MZHJvM3yyF4QW0HVPnhQqoi0H+GYfzGPGjeZEcd+IXBCbuTWqe6rZJZ7B7+xaLHboTO9FcHaOBQcDts/tJY+DF2onDXljWE0X6Ej8yK36nmwA1eWiy3EkIWjP6QU26xlidZ4+RiVUNcuib3qYlwv3jti2axRHaeJ9tIvwHsfDe2lXikL1uAjZvaPTjO1E821DK5vgMZko1hoGlj5M= root@192.168.0.143\n             # Здесь подставляется содержимое вашего публичного ключа\nnetwork:\n  version: 2\n  ethernets:\n    eth0:\n      addresses: [ \\\"192.168.122.102\\\" ]\n      gateway4: 192.168.0.1\n      nameservers:\n        addresses: [192.168.0.1]\n\n"
          },
          "sensitive_attributes": [],
          "private": "bnVsbA=="
        }
      ]
    },
    {
      "mode": "managed",
      "type": "libvirt_volume",
      "name": "vm_volume",
      "provider": "provider[\"registry.terraform.io/dmacvicar/libvirt\"]",
      "instances": [
        {
          "index_key": 0,
          "schema_version": 0,
          "attributes": {
            "base_volume_id": null,
            "base_volume_name": null,
            "base_volume_pool": null,
            "format": "qcow2",
            "id": "/home/virsh/HDD_virt/gitea_node_disk_1.qcow2",
            "name": "gitea_node_disk_1.qcow2",
            "pool": "default",
            "size": 3221225472,
            "source": "/root/OS_images/debian-12-nocloud-amd64-20250316-2053.qcow2",
            "xml": []
          },
          "sensitive_attributes": [],
          "private": "bnVsbA=="
        },
        {
          "index_key": 1,
          "schema_version": 0,
          "attributes": {
            "base_volume_id": null,
            "base_volume_name": null,
            "base_volume_pool": null,
            "format": "qcow2",
            "id": "/home/virsh/HDD_virt/gitea_node_disk_2.qcow2",
            "name": "gitea_node_disk_2.qcow2",
            "pool": "default",
            "size": 3221225472,
            "source": "/root/OS_images/debian-12-nocloud-amd64-20250316-2053.qcow2",
            "xml": []
          },
          "sensitive_attributes": [],
          "private": "bnVsbA=="
        }
      ]
    },
    {
      "mode": "managed",
      "type": "null_resource",
      "name": "resize_volume",
      "provider": "provider[\"registry.terraform.io/hashicorp/null\"]",
      "instances": [
        {
          "index_key": 0,
          "schema_version": 0,
          "attributes": {
            "id": "5203373982047942354",
            "triggers": null
          },
          "sensitive_attributes": [],
          "dependencies": [
            "libvirt_volume.vm_volume"
          ]
        },
        {
          "index_key": 1,
          "schema_version": 0,
          "attributes": {
            "id": "8960237701995172002",
            "triggers": null
          },
          "sensitive_attributes": [],
          "dependencies": [
            "libvirt_volume.vm_volume"
          ]
        }
      ]
    }
  ],
  "check_results": null
}
