{
  "version": 4,
  "terraform_version": "1.11.0",
  "serial": 11,
  "lineage": "dcd2a9ed-9e12-62ff-145e-27a7bf0272bb",
  "outputs": {
    "vm_names": {
      "value": [
        "gitea-node-1",
        "gitea-node-2"
      ],
      "type": [
        "tuple",
        [
          "string",
          "string"
        ]
      ]
    }
  },
  "resources": [
    {
      "mode": "managed",
      "type": "libvirt_cloudinit_disk",
      "name": "commoninit",
      "provider": "provider[\"registry.terraform.io/dmacvicar/libvirt\"]",
      "instances": [
        {
          "index_key": 0,
          "schema_version": 0,
          "attributes": {
            "id": "/home/shom/virsh_HDD/gitea_pool/cloudinit-1.iso;c56809f8-7c6a-4efb-851a-214a1e8e3881",
            "meta_data": "",
            "name": "cloudinit-1.iso",
            "network_config": "",
            "pool": "gitea_pool",
            "user_data": "#cloud-config\ndatasource_list: [NoCloud]\npreserve_hostname: false\nhostname: gitea-node-1\nmanage_etc_hosts: true\nusers:\n  - name: ubuntu\n    gecos: \"User for Ansible automation\"\n    sudo: [\"ALL=(ALL) NOPASSWD:ALL\"]\n    shell: /bin/bash\n    ssh_authorized_keys:\n      - ssh-rsa AAAAB3NzaC1yc2EAAAADAQABAAABgQDTqlQPVRapAaXX4EAjEQKuSSJ3cl4a1xJB3P1SvzkPW70KTYLmy4ok2DNBy0GRp8tTS2r5ueVHK8t4nudd78IbOkzMA1uXNTewMUa89hafuOcu3BMcVQK3vEZYlpQcqCLNF/XhRo1c3P3MnPMFf3uv+AG6m2tMi27CUCaSPrunKc8/ogRGuebxMGJyyx9FRhHQSIMVRSI9Lt0q+AsjL11+Cs8BGhN04LIc3zU30nxypV47uTPz+deO7Ps/H2TLeXe4ZF8+5LgZ2nMVq1XU0FITpvn5A8icTmoO4D6MV9+Fi+boF+MZHJvM3yyF4QW0HVPnhQqoi0H+GYfzGPGjeZEcd+IXBCbuTWqe6rZJZ7B7+xaLHboTO9FcHaOBQcDts/tJY+DF2onDXljWE0X6Ej8yK36nmwA1eWiy3EkIWjP6QU26xlidZ4+RiVUNcuib3qYlwv3jti2axRHaeJ9tIvwHsfDe2lXikL1uAjZvaPTjO1E821DK5vgMZko1hoGlj5M= root@192.168.0.143\n\nnetwork:\n  version: 2\n  ethernets:\n    eth0:\n      addresses: [ \"192.168.122.101\" ]\n      gateway4: 192.168.122.1\n      nameservers:\n        addresses: [192.168.122.1]\n\n"
          },
          "sensitive_attributes": [],
          "private": "bnVsbA==",
          "dependencies": [
            "libvirt_volume.vm_volume",
            "null_resource.resize_volume",
            "time_sleep.wait_after_resize"
          ]
        },
        {
          "index_key": 1,
          "schema_version": 0,
          "attributes": {
            "id": "/home/shom/virsh_HDD/gitea_pool/cloudinit-2.iso;8c2c08d1-e2ca-44a7-9c37-970c4f2cb0d5",
            "meta_data": "",
            "name": "cloudinit-2.iso",
            "network_config": "",
            "pool": "gitea_pool",
            "user_data": "#cloud-config\ndatasource_list: [NoCloud]\npreserve_hostname: false\nhostname: gitea-node-2\nmanage_etc_hosts: true\nusers:\n  - name: ubuntu\n    gecos: \"User for Ansible automation\"\n    sudo: [\"ALL=(ALL) NOPASSWD:ALL\"]\n    shell: /bin/bash\n    ssh_authorized_keys:\n      - ssh-rsa AAAAB3NzaC1yc2EAAAADAQABAAABgQDTqlQPVRapAaXX4EAjEQKuSSJ3cl4a1xJB3P1SvzkPW70KTYLmy4ok2DNBy0GRp8tTS2r5ueVHK8t4nudd78IbOkzMA1uXNTewMUa89hafuOcu3BMcVQK3vEZYlpQcqCLNF/XhRo1c3P3MnPMFf3uv+AG6m2tMi27CUCaSPrunKc8/ogRGuebxMGJyyx9FRhHQSIMVRSI9Lt0q+AsjL11+Cs8BGhN04LIc3zU30nxypV47uTPz+deO7Ps/H2TLeXe4ZF8+5LgZ2nMVq1XU0FITpvn5A8icTmoO4D6MV9+Fi+boF+MZHJvM3yyF4QW0HVPnhQqoi0H+GYfzGPGjeZEcd+IXBCbuTWqe6rZJZ7B7+xaLHboTO9FcHaOBQcDts/tJY+DF2onDXljWE0X6Ej8yK36nmwA1eWiy3EkIWjP6QU26xlidZ4+RiVUNcuib3qYlwv3jti2axRHaeJ9tIvwHsfDe2lXikL1uAjZvaPTjO1E821DK5vgMZko1hoGlj5M= root@192.168.0.143\n\nnetwork:\n  version: 2\n  ethernets:\n    eth0:\n      addresses: [ \"192.168.122.102\" ]\n      gateway4: 192.168.122.1\n      nameservers:\n        addresses: [192.168.122.1]\n\n"
          },
          "sensitive_attributes": [],
          "private": "bnVsbA==",
          "dependencies": [
            "libvirt_volume.vm_volume",
            "null_resource.resize_volume",
            "time_sleep.wait_after_resize"
          ]
        }
      ]
    },
    {
      "mode": "managed",
      "type": "libvirt_domain",
      "name": "gitea_nodes",
      "provider": "provider[\"registry.terraform.io/dmacvicar/libvirt\"]",
      "instances": [
        {
          "index_key": 0,
          "schema_version": 0,
          "attributes": {
            "arch": "x86_64",
            "autostart": false,
            "boot_device": [],
            "cloudinit": "/home/shom/virsh_HDD/gitea_pool/cloudinit-1.iso;c56809f8-7c6a-4efb-851a-214a1e8e3881",
            "cmdline": [],
            "console": [
              {
                "source_host": "127.0.0.1",
                "source_path": "",
                "source_service": "0",
                "target_port": "0",
                "target_type": "",
                "type": "pty"
              }
            ],
            "coreos_ignition": null,
            "cpu": [
              {
                "mode": "custom"
              }
            ],
            "description": "",
            "disk": [
              {
                "block_device": "",
                "file": "",
                "scsi": false,
                "url": "",
                "volume_id": "/home/shom/virsh_HDD/gitea_pool/gitea_node_disk_1.qcow2",
                "wwn": ""
              }
            ],
            "emulator": "/usr/libexec/qemu-kvm",
            "filesystem": [],
            "firmware": null,
            "fw_cfg_name": "opt/com.coreos/config",
            "graphics": [
              {
                "autoport": true,
                "listen_address": "0.0.0.0",
                "listen_type": "address",
                "type": "vnc",
                "websocket": 0
              }
            ],
            "id": "29b20a76-191f-4a6c-9dbb-78bfacd4a00b",
            "initrd": "",
            "kernel": "",
            "machine": "pc",
            "memory": 512,
            "metadata": null,
            "name": "gitea-node-1",
            "network_interface": [
              {
                "addresses": [
                  "192.168.122.101"
                ],
                "bridge": "",
                "hostname": "gitea-node-1",
                "mac": "52:54:00:DE:BF:F6",
                "macvtap": "",
                "network_id": "338fc121-ef4f-4cc3-9819-df6cca20244b",
                "network_name": "default",
                "passthrough": "",
                "private": "",
                "vepa": "",
                "wait_for_lease": false
              }
            ],
            "nvram": [],
            "qemu_agent": false,
            "running": true,
            "timeouts": null,
            "tpm": [],
            "type": "kvm",
            "vcpu": 1,
            "video": [],
            "xml": []
          },
          "sensitive_attributes": [],
          "private": "eyJlMmJmYjczMC1lY2FhLTExZTYtOGY4OC0zNDM2M2JjN2M0YzAiOnsiY3JlYXRlIjozMDAwMDAwMDAwMDB9fQ==",
          "dependencies": [
            "libvirt_cloudinit_disk.commoninit",
            "libvirt_volume.vm_volume",
            "null_resource.resize_volume",
            "time_sleep.wait_after_resize"
          ]
        },
        {
          "index_key": 1,
          "schema_version": 0,
          "attributes": {
            "arch": "x86_64",
            "autostart": false,
            "boot_device": [],
            "cloudinit": "/home/shom/virsh_HDD/gitea_pool/cloudinit-2.iso;8c2c08d1-e2ca-44a7-9c37-970c4f2cb0d5",
            "cmdline": [],
            "console": [
              {
                "source_host": "127.0.0.1",
                "source_path": "",
                "source_service": "0",
                "target_port": "0",
                "target_type": "",
                "type": "pty"
              }
            ],
            "coreos_ignition": null,
            "cpu": [
              {
                "mode": "custom"
              }
            ],
            "description": "",
            "disk": [
              {
                "block_device": "",
                "file": "",
                "scsi": false,
                "url": "",
                "volume_id": "/home/shom/virsh_HDD/gitea_pool/gitea_node_disk_2.qcow2",
                "wwn": ""
              }
            ],
            "emulator": "/usr/libexec/qemu-kvm",
            "filesystem": [],
            "firmware": null,
            "fw_cfg_name": "opt/com.coreos/config",
            "graphics": [
              {
                "autoport": true,
                "listen_address": "0.0.0.0",
                "listen_type": "address",
                "type": "vnc",
                "websocket": 0
              }
            ],
            "id": "5a7f566e-f7c5-40b7-bce4-f1bc541a9161",
            "initrd": "",
            "kernel": "",
            "machine": "pc",
            "memory": 512,
            "metadata": null,
            "name": "gitea-node-2",
            "network_interface": [
              {
                "addresses": [
                  "192.168.122.102"
                ],
                "bridge": "",
                "hostname": "gitea-node-2",
                "mac": "52:54:00:86:67:F1",
                "macvtap": "",
                "network_id": "338fc121-ef4f-4cc3-9819-df6cca20244b",
                "network_name": "default",
                "passthrough": "",
                "private": "",
                "vepa": "",
                "wait_for_lease": false
              }
            ],
            "nvram": [],
            "qemu_agent": false,
            "running": true,
            "timeouts": null,
            "tpm": [],
            "type": "kvm",
            "vcpu": 1,
            "video": [],
            "xml": []
          },
          "sensitive_attributes": [],
          "private": "eyJlMmJmYjczMC1lY2FhLTExZTYtOGY4OC0zNDM2M2JjN2M0YzAiOnsiY3JlYXRlIjozMDAwMDAwMDAwMDB9fQ==",
          "dependencies": [
            "libvirt_cloudinit_disk.commoninit",
            "libvirt_volume.vm_volume",
            "null_resource.resize_volume",
            "time_sleep.wait_after_resize"
          ]
        }
      ]
    },
    {
      "mode": "managed",
      "type": "libvirt_volume",
      "name": "vm_volume",
      "provider": "provider[\"registry.terraform.io/dmacvicar/libvirt\"]",
      "instances": [
        {
          "index_key": 0,
          "schema_version": 0,
          "attributes": {
            "base_volume_id": null,
            "base_volume_name": null,
            "base_volume_pool": null,
            "format": "qcow2",
            "id": "/home/shom/virsh_HDD/gitea_pool/gitea_node_disk_1.qcow2",
            "name": "gitea_node_disk_1.qcow2",
            "pool": "gitea_pool",
            "size": 7516192768,
            "source": "/home/shom/OS_images/ubuntu-24.04-server-cloudimg-amd64.img",
            "xml": []
          },
          "sensitive_attributes": [],
          "private": "bnVsbA=="
        },
        {
          "index_key": 1,
          "schema_version": 0,
          "attributes": {
            "base_volume_id": null,
            "base_volume_name": null,
            "base_volume_pool": null,
            "format": "qcow2",
            "id": "/home/shom/virsh_HDD/gitea_pool/gitea_node_disk_2.qcow2",
            "name": "gitea_node_disk_2.qcow2",
            "pool": "gitea_pool",
            "size": 7516192768,
            "source": "/home/shom/OS_images/ubuntu-24.04-server-cloudimg-amd64.img",
            "xml": []
          },
          "sensitive_attributes": [],
          "private": "bnVsbA=="
        }
      ]
    },
    {
      "mode": "managed",
      "type": "null_resource",
      "name": "resize_volume",
      "provider": "provider[\"registry.terraform.io/hashicorp/null\"]",
      "instances": [
        {
          "index_key": 0,
          "schema_version": 0,
          "attributes": {
            "id": "6535238455971164633",
            "triggers": null
          },
          "sensitive_attributes": [],
          "dependencies": [
            "libvirt_volume.vm_volume"
          ]
        },
        {
          "index_key": 1,
          "schema_version": 0,
          "attributes": {
            "id": "8829494526878982779",
            "triggers": null
          },
          "sensitive_attributes": [],
          "dependencies": [
            "libvirt_volume.vm_volume"
          ]
        }
      ]
    },
    {
      "mode": "managed",
      "type": "time_sleep",
      "name": "wait_after_resize",
      "provider": "provider[\"registry.terraform.io/hashicorp/time\"]",
      "instances": [
        {
          "schema_version": 0,
          "attributes": {
            "create_duration": "10s",
            "destroy_duration": null,
            "id": "2025-03-31T16:35:41Z",
            "triggers": null
          },
          "sensitive_attributes": [],
          "dependencies": [
            "libvirt_volume.vm_volume",
            "null_resource.resize_volume"
          ]
        }
      ]
    }
  ],
  "check_results": null
}
